
Microsoft Visual Studio Solution File, Format Version 12.00
# Visual Studio 15
VisualStudioVersion = 15.0.28307.572
MinimumVisualStudioVersion = 10.0.40219.1
Project("{FAE04EC0-301F-11D3-BF4B-00C04F79EFBC}") = "Частота букв алфавита", "Частота букв алфавита\Частота букв алфавита.csproj", "{61D412B7-3045-4C6D-87C7-F4A34AF4B594}"
EndProject
Global
	GlobalSection(SolutionConfigurationPlatforms) = preSolution
		Debug|Any CPU = Debug|Any CPU
		Release|Any CPU = Release|Any CPU
	EndGlobalSection
	GlobalSection(ProjectConfigurationPlatforms) = postSolution
		{61D412B7-3045-4C6D-87C7-F4A34AF4B594}.Debug|Any CPU.ActiveCfg = Debug|Any CPU
		{61D412B7-3045-4C6D-87C7-F4A34AF4B594}.Debug|Any CPU.Build.0 = Debug|Any CPU
		{61D412B7-3045-4C6D-87C7-F4A34AF4B594}.Release|Any CPU.ActiveCfg = Release|Any CPU
		{61D412B7-3045-4C6D-87C7-F4A34AF4B594}.Release|Any CPU.Build.0 = Release|Any CPU
	EndGlobalSection
	GlobalSection(SolutionProperties) = preSolution
		HideSolutionNode = FALSE
	EndGlobalSection
	GlobalSection(ExtensibilityGlobals) = postSolution
		SolutionGuid = {4EC03F4F-9E9C-4EA7-8391-240DB2952DF7}
	EndGlobalSection
EndGlobal
